// !$*UTF8*$!
{
	archiveVersion = 1;
	classes = {
	};
	objectVersion = 77;
	objects = {

/* Begin PBXBuildFile section */
		3A01A9DB2CFAEC1D005D86E5 /* CameraFrontView.swift in Sources */ = {isa = PBXBuildFile; fileRef = 3A01A9DA2CFAEC1D005D86E5 /* CameraFrontView.swift */; };
		3A3CBC702CFBDFA1002A08C2 /* HabitPhoto.swift in Sources */ = {isa = PBXBuildFile; fileRef = 3A3CBC6F2CFBDFA1002A08C2 /* HabitPhoto.swift */; };
		3A3CBC722CFBE184002A08C2 /* DiscoveryView.swift in Sources */ = {isa = PBXBuildFile; fileRef = 3A3CBC712CFBE184002A08C2 /* DiscoveryView.swift */; };
		3A3CBC9A2CFC13A2002A08C2 /* HabitPhotoViewModel.swift in Sources */ = {isa = PBXBuildFile; fileRef = 3A3CBC992CFC13A2002A08C2 /* HabitPhotoViewModel.swift */; };
		3A44648F2CFE6CC800394465 /* User.swift in Sources */ = {isa = PBXBuildFile; fileRef = 3A44648E2CFE6CC800394465 /* User.swift */; };
		3A4464912CFE6F1800394465 /* UserViewModel.swift in Sources */ = {isa = PBXBuildFile; fileRef = 3A4464902CFE6F1800394465 /* UserViewModel.swift */; };
		3A4464A82CFF9E8C00394465 /* ProfileNavView.swift in Sources */ = {isa = PBXBuildFile; fileRef = 3A4464A72CFF9E8C00394465 /* ProfileNavView.swift */; };
		3A4464AC2CFFDFF500394465 /* ProfileView.swift in Sources */ = {isa = PBXBuildFile; fileRef = 3A4464AB2CFFDFF500394465 /* ProfileView.swift */; };
		3A4464B32CFFE99600394465 /* OpenAISwift in Frameworks */ = {isa = PBXBuildFile; productRef = 3A4464B22CFFE99600394465 /* OpenAISwift */; };
		3A4464B52CFFE9C900394465 /* GPTPromptView.swift in Sources */ = {isa = PBXBuildFile; fileRef = 3A4464B42CFFE9C900394465 /* GPTPromptView.swift */; };
		3A4464BD2D002BFA00394465 /* RequestBuilder.swift in Sources */ = {isa = PBXBuildFile; fileRef = 3A4464BC2D002BFA00394465 /* RequestBuilder.swift */; };
		3A4464BF2D002CF200394465 /* AIService.swift in Sources */ = {isa = PBXBuildFile; fileRef = 3A4464BE2D002CF200394465 /* AIService.swift */; };
		3A4464C12D002DBA00394465 /* AIResponse.swift in Sources */ = {isa = PBXBuildFile; fileRef = 3A4464C02D002DBA00394465 /* AIResponse.swift */; };
		3A4464C32D002F4E00394465 /* AsyncButton.swift in Sources */ = {isa = PBXBuildFile; fileRef = 3A4464C22D002F4E00394465 /* AsyncButton.swift */; };
		3A4464C52D0032DA00394465 /* NetworkManager.swift in Sources */ = {isa = PBXBuildFile; fileRef = 3A4464C42D0032DA00394465 /* NetworkManager.swift */; };
		3A8054EF2CFA908700E88821 /* CountdownView.swift in Sources */ = {isa = PBXBuildFile; fileRef = 3A8054EE2CFA908700E88821 /* CountdownView.swift */; };
		3A8055112CFADAD000E88821 /* CameraBackView.swift in Sources */ = {isa = PBXBuildFile; fileRef = 3A8055102CFADAD000E88821 /* CameraBackView.swift */; };
		3A823EFE2CF80B4600F441F3 /* Habit.swift in Sources */ = {isa = PBXBuildFile; fileRef = 3A823EFD2CF80B4600F441F3 /* Habit.swift */; };
		3A823F022CF80E5E00F441F3 /* CreateHabitView.swift in Sources */ = {isa = PBXBuildFile; fileRef = 3A823F012CF80E5E00F441F3 /* CreateHabitView.swift */; };
		3A823F172CF8312500F441F3 /* PersonalHabitsView.swift in Sources */ = {isa = PBXBuildFile; fileRef = 3A823F162CF8312500F441F3 /* PersonalHabitsView.swift */; };
		3A823F192CF8328300F441F3 /* HabitViewModel.swift in Sources */ = {isa = PBXBuildFile; fileRef = 3A823F182CF8328300F441F3 /* HabitViewModel.swift */; };
		3A823F1D2CF8F23600F441F3 /* ToDoHabitsView.swift in Sources */ = {isa = PBXBuildFile; fileRef = 3A823F1C2CF8F23600F441F3 /* ToDoHabitsView.swift */; };
		3A823F352CF92A0800F441F3 /* RefreshUserHabits.swift in Sources */ = {isa = PBXBuildFile; fileRef = 3A823F342CF92A0800F441F3 /* RefreshUserHabits.swift */; };
		3A937FD42CF656C60025E539 /* Preview Assets.xcassets in Resources */ = {isa = PBXBuildFile; fileRef = 3A937FCC2CF656C60025E539 /* Preview Assets.xcassets */; };
		3A937FD52CF656C60025E539 /* Assets.xcassets in Resources */ = {isa = PBXBuildFile; fileRef = 3A937FD02CF656C60025E539 /* Assets.xcassets */; };
		3A937FD62CF656C60025E539 /* LoginView.swift in Sources */ = {isa = PBXBuildFile; fileRef = 3A937FD12CF656C60025E539 /* LoginView.swift */; };
		3A937FD72CF656C60025E539 /* FinalProjectApp.swift in Sources */ = {isa = PBXBuildFile; fileRef = 3A937FD22CF656C60025E539 /* FinalProjectApp.swift */; };
		3A937FDA2CF65D000025E539 /* FirebaseAuth in Frameworks */ = {isa = PBXBuildFile; productRef = 3A937FD92CF65D000025E539 /* FirebaseAuth */; };
		3A937FDC2CF65D000025E539 /* FirebaseFirestore in Frameworks */ = {isa = PBXBuildFile; productRef = 3A937FDB2CF65D000025E539 /* FirebaseFirestore */; };
		3A937FDE2CF65D000025E539 /* FirebaseStorage in Frameworks */ = {isa = PBXBuildFile; productRef = 3A937FDD2CF65D000025E539 /* FirebaseStorage */; };
		3A937FE42CF65EA00025E539 /* GoogleService-Info.plist in Resources */ = {isa = PBXBuildFile; fileRef = 3A937FE32CF65EA00025E539 /* GoogleService-Info.plist */; };
		3AA108232CFD97D200D287E6 /* MainView.swift in Sources */ = {isa = PBXBuildFile; fileRef = 3AA108222CFD97D200D287E6 /* MainView.swift */; };
		3AA98CA32CF995AD00B3A411 /* CameraPermission.swift in Sources */ = {isa = PBXBuildFile; fileRef = 3AA98CA22CF995AD00B3A411 /* CameraPermission.swift */; };
		3AA98CAB2CFA57BD00B3A411 /* CameraProcessView.swift in Sources */ = {isa = PBXBuildFile; fileRef = 3AA98CAA2CFA57BD00B3A411 /* CameraProcessView.swift */; };
		3AA98CB62CFA635C00B3A411 /* CameraViewModel.swift in Sources */ = {isa = PBXBuildFile; fileRef = 3AA98CB52CFA635C00B3A411 /* CameraViewModel.swift */; };
/* End PBXBuildFile section */

/* Begin PBXFileReference section */
		3A01A9DA2CFAEC1D005D86E5 /* CameraFrontView.swift */ = {isa = PBXFileReference; lastKnownFileType = sourcecode.swift; path = CameraFrontView.swift; sourceTree = "<group>"; };
		3A3CBC6F2CFBDFA1002A08C2 /* HabitPhoto.swift */ = {isa = PBXFileReference; lastKnownFileType = sourcecode.swift; path = HabitPhoto.swift; sourceTree = "<group>"; };
		3A3CBC712CFBE184002A08C2 /* DiscoveryView.swift */ = {isa = PBXFileReference; lastKnownFileType = sourcecode.swift; path = DiscoveryView.swift; sourceTree = "<group>"; };
		3A3CBC992CFC13A2002A08C2 /* HabitPhotoViewModel.swift */ = {isa = PBXFileReference; lastKnownFileType = sourcecode.swift; path = HabitPhotoViewModel.swift; sourceTree = "<group>"; };
		3A44648E2CFE6CC800394465 /* User.swift */ = {isa = PBXFileReference; lastKnownFileType = sourcecode.swift; path = User.swift; sourceTree = "<group>"; };
		3A4464902CFE6F1800394465 /* UserViewModel.swift */ = {isa = PBXFileReference; lastKnownFileType = sourcecode.swift; path = UserViewModel.swift; sourceTree = "<group>"; };
		3A4464A72CFF9E8C00394465 /* ProfileNavView.swift */ = {isa = PBXFileReference; lastKnownFileType = sourcecode.swift; path = ProfileNavView.swift; sourceTree = "<group>"; };
		3A4464AB2CFFDFF500394465 /* ProfileView.swift */ = {isa = PBXFileReference; lastKnownFileType = sourcecode.swift; path = ProfileView.swift; sourceTree = "<group>"; };
		3A4464B42CFFE9C900394465 /* GPTPromptView.swift */ = {isa = PBXFileReference; lastKnownFileType = sourcecode.swift; path = GPTPromptView.swift; sourceTree = "<group>"; };
		3A4464BC2D002BFA00394465 /* RequestBuilder.swift */ = {isa = PBXFileReference; lastKnownFileType = sourcecode.swift; path = RequestBuilder.swift; sourceTree = "<group>"; };
		3A4464BE2D002CF200394465 /* AIService.swift */ = {isa = PBXFileReference; lastKnownFileType = sourcecode.swift; path = AIService.swift; sourceTree = "<group>"; };
		3A4464C02D002DBA00394465 /* AIResponse.swift */ = {isa = PBXFileReference; lastKnownFileType = sourcecode.swift; path = AIResponse.swift; sourceTree = "<group>"; };
		3A4464C22D002F4E00394465 /* AsyncButton.swift */ = {isa = PBXFileReference; lastKnownFileType = sourcecode.swift; path = AsyncButton.swift; sourceTree = "<group>"; };
		3A4464C42D0032DA00394465 /* NetworkManager.swift */ = {isa = PBXFileReference; lastKnownFileType = sourcecode.swift; path = NetworkManager.swift; sourceTree = "<group>"; };
		3A8054EE2CFA908700E88821 /* CountdownView.swift */ = {isa = PBXFileReference; lastKnownFileType = sourcecode.swift; path = CountdownView.swift; sourceTree = "<group>"; };
		3A8055102CFADAD000E88821 /* CameraBackView.swift */ = {isa = PBXFileReference; lastKnownFileType = sourcecode.swift; path = CameraBackView.swift; sourceTree = "<group>"; };
		3A823EFD2CF80B4600F441F3 /* Habit.swift */ = {isa = PBXFileReference; lastKnownFileType = sourcecode.swift; path = Habit.swift; sourceTree = "<group>"; };
		3A823F012CF80E5E00F441F3 /* CreateHabitView.swift */ = {isa = PBXFileReference; lastKnownFileType = sourcecode.swift; path = CreateHabitView.swift; sourceTree = "<group>"; };
		3A823F162CF8312500F441F3 /* PersonalHabitsView.swift */ = {isa = PBXFileReference; lastKnownFileType = sourcecode.swift; path = PersonalHabitsView.swift; sourceTree = "<group>"; };
		3A823F182CF8328300F441F3 /* HabitViewModel.swift */ = {isa = PBXFileReference; lastKnownFileType = sourcecode.swift; path = HabitViewModel.swift; sourceTree = "<group>"; };
		3A823F1C2CF8F23600F441F3 /* ToDoHabitsView.swift */ = {isa = PBXFileReference; lastKnownFileType = sourcecode.swift; path = ToDoHabitsView.swift; sourceTree = "<group>"; };
		3A823F342CF92A0800F441F3 /* RefreshUserHabits.swift */ = {isa = PBXFileReference; lastKnownFileType = sourcecode.swift; path = RefreshUserHabits.swift; sourceTree = "<group>"; };
		3A937FCC2CF656C60025E539 /* Preview Assets.xcassets */ = {isa = PBXFileReference; lastKnownFileType = folder.assetcatalog; path = "Preview Assets.xcassets"; sourceTree = "<group>"; };
		3A937FD02CF656C60025E539 /* Assets.xcassets */ = {isa = PBXFileReference; lastKnownFileType = folder.assetcatalog; path = Assets.xcassets; sourceTree = "<group>"; };
		3A937FD12CF656C60025E539 /* LoginView.swift */ = {isa = PBXFileReference; lastKnownFileType = sourcecode.swift; path = LoginView.swift; sourceTree = "<group>"; };
		3A937FD22CF656C60025E539 /* FinalProjectApp.swift */ = {isa = PBXFileReference; lastKnownFileType = sourcecode.swift; path = FinalProjectApp.swift; sourceTree = "<group>"; };
		3A937FE32CF65EA00025E539 /* GoogleService-Info.plist */ = {isa = PBXFileReference; lastKnownFileType = text.plist.xml; path = "GoogleService-Info.plist"; sourceTree = "<group>"; };
		3AA108222CFD97D200D287E6 /* MainView.swift */ = {isa = PBXFileReference; lastKnownFileType = sourcecode.swift; path = MainView.swift; sourceTree = "<group>"; };
		3AA98CA22CF995AD00B3A411 /* CameraPermission.swift */ = {isa = PBXFileReference; lastKnownFileType = sourcecode.swift; path = CameraPermission.swift; sourceTree = "<group>"; };
		3AA98CAA2CFA57BD00B3A411 /* CameraProcessView.swift */ = {isa = PBXFileReference; lastKnownFileType = sourcecode.swift; path = CameraProcessView.swift; sourceTree = "<group>"; };
		3AA98CB52CFA635C00B3A411 /* CameraViewModel.swift */ = {isa = PBXFileReference; lastKnownFileType = sourcecode.swift; path = CameraViewModel.swift; sourceTree = "<group>"; };
		3ADAE8092CED8F9800407DA8 /* FinalProject.app */ = {isa = PBXFileReference; explicitFileType = wrapper.application; includeInIndex = 0; path = FinalProject.app; sourceTree = BUILT_PRODUCTS_DIR; };
/* End PBXFileReference section */

/* Begin PBXFrameworksBuildPhase section */
		3ADAE8062CED8F9700407DA8 /* Frameworks */ = {
			isa = PBXFrameworksBuildPhase;
			buildActionMask = 2147483647;
			files = (
				3A4464B32CFFE99600394465 /* OpenAISwift in Frameworks */,
				3A937FDA2CF65D000025E539 /* FirebaseAuth in Frameworks */,
				3A937FDC2CF65D000025E539 /* FirebaseFirestore in Frameworks */,
				3A937FDE2CF65D000025E539 /* FirebaseStorage in Frameworks */,
			);
			runOnlyForDeploymentPostprocessing = 0;
		};
/* End PBXFrameworksBuildPhase section */

/* Begin PBXGroup section */
		3A4464C62D00332E00394465 /* GPT */ = {
			isa = PBXGroup;
			children = (
				3A4464C42D0032DA00394465 /* NetworkManager.swift */,
				3A4464BC2D002BFA00394465 /* RequestBuilder.swift */,
				3A4464BE2D002CF200394465 /* AIService.swift */,
				3A4464C02D002DBA00394465 /* AIResponse.swift */,
				3A4464B42CFFE9C900394465 /* GPTPromptView.swift */,
			);
			path = GPT;
			sourceTree = "<group>";
		};
		3A8055122CFAEB5C00E88821 /* Camera */ = {
			isa = PBXGroup;
			children = (
				3A8055102CFADAD000E88821 /* CameraBackView.swift */,
				3A01A9DA2CFAEC1D005D86E5 /* CameraFrontView.swift */,
				3AA98CAA2CFA57BD00B3A411 /* CameraProcessView.swift */,
				3A8054EE2CFA908700E88821 /* CountdownView.swift */,
			);
			path = Camera;
			sourceTree = "<group>";
		};
		3A823F312CF928AF00F441F3 /* Helpers */ = {
			isa = PBXGroup;
			children = (
				3A823F342CF92A0800F441F3 /* RefreshUserHabits.swift */,
				3AA98CA22CF995AD00B3A411 /* CameraPermission.swift */,
				3A4464C22D002F4E00394465 /* AsyncButton.swift */,
			);
			path = Helpers;
			sourceTree = "<group>";
		};
		3A937FCB2CF656C60025E539 /* Models */ = {
			isa = PBXGroup;
			children = (
				3A823EFD2CF80B4600F441F3 /* Habit.swift */,
				3A44648E2CFE6CC800394465 /* User.swift */,
				3A3CBC6F2CFBDFA1002A08C2 /* HabitPhoto.swift */,
			);
			path = Models;
			sourceTree = "<group>";
		};
		3A937FCD2CF656C60025E539 /* Preview Content */ = {
			isa = PBXGroup;
			children = (
				3A937FCC2CF656C60025E539 /* Preview Assets.xcassets */,
			);
			path = "Preview Content";
			sourceTree = "<group>";
		};
		3A937FCE2CF656C60025E539 /* ViewModels */ = {
			isa = PBXGroup;
			children = (
				3AA98CB52CFA635C00B3A411 /* CameraViewModel.swift */,
				3A823F182CF8328300F441F3 /* HabitViewModel.swift */,
				3A4464902CFE6F1800394465 /* UserViewModel.swift */,
				3A3CBC992CFC13A2002A08C2 /* HabitPhotoViewModel.swift */,
			);
			path = ViewModels;
			sourceTree = "<group>";
		};
		3A937FCF2CF656C60025E539 /* Views */ = {
			isa = PBXGroup;
			children = (
				3A8055122CFAEB5C00E88821 /* Camera */,
				3A823F012CF80E5E00F441F3 /* CreateHabitView.swift */,
				3A3CBC712CFBE184002A08C2 /* DiscoveryView.swift */,
				3AA108222CFD97D200D287E6 /* MainView.swift */,
				3A4464A72CFF9E8C00394465 /* ProfileNavView.swift */,
				3A4464AB2CFFDFF500394465 /* ProfileView.swift */,
				3A823F162CF8312500F441F3 /* PersonalHabitsView.swift */,
				3A823F1C2CF8F23600F441F3 /* ToDoHabitsView.swift */,
				3A937FD12CF656C60025E539 /* LoginView.swift */,
			);
			path = Views;
			sourceTree = "<group>";
		};
		3A937FD32CF656C60025E539 /* FinalProject */ = {
			isa = PBXGroup;
			children = (
				3A4464C62D00332E00394465 /* GPT */,
				3A937FCB2CF656C60025E539 /* Models */,
				3A937FCE2CF656C60025E539 /* ViewModels */,
				3A937FCF2CF656C60025E539 /* Views */,
				3A823F312CF928AF00F441F3 /* Helpers */,
				3A937FCD2CF656C60025E539 /* Preview Content */,
				3A937FD02CF656C60025E539 /* Assets.xcassets */,
				3A937FD22CF656C60025E539 /* FinalProjectApp.swift */,
				3A937FE32CF65EA00025E539 /* GoogleService-Info.plist */,
			);
			path = FinalProject;
			sourceTree = "<group>";
		};
		3ADAE8002CED8F9700407DA8 = {
			isa = PBXGroup;
			children = (
				3A937FD32CF656C60025E539 /* FinalProject */,
				3ADAE80A2CED8F9800407DA8 /* Products */,
			);
			sourceTree = "<group>";
		};
		3ADAE80A2CED8F9800407DA8 /* Products */ = {
			isa = PBXGroup;
			children = (
				3ADAE8092CED8F9800407DA8 /* FinalProject.app */,
			);
			name = Products;
			sourceTree = "<group>";
		};
/* End PBXGroup section */

/* Begin PBXNativeTarget section */
		3ADAE8082CED8F9700407DA8 /* FinalProject */ = {
			isa = PBXNativeTarget;
			buildConfigurationList = 3ADAE8172CED8F9800407DA8 /* Build configuration list for PBXNativeTarget "FinalProject" */;
			buildPhases = (
				3ADAE8052CED8F9700407DA8 /* Sources */,
				3ADAE8062CED8F9700407DA8 /* Frameworks */,
				3ADAE8072CED8F9700407DA8 /* Resources */,
			);
			buildRules = (
			);
			dependencies = (
			);
			name = FinalProject;
			packageProductDependencies = (
				3A937FD92CF65D000025E539 /* FirebaseAuth */,
				3A937FDB2CF65D000025E539 /* FirebaseFirestore */,
				3A937FDD2CF65D000025E539 /* FirebaseStorage */,
				3A4464B22CFFE99600394465 /* OpenAISwift */,
			);
			productName = FinalProject;
			productReference = 3ADAE8092CED8F9800407DA8 /* FinalProject.app */;
			productType = "com.apple.product-type.application";
		};
/* End PBXNativeTarget section */

/* Begin PBXProject section */
		3ADAE8012CED8F9700407DA8 /* Project object */ = {
			isa = PBXProject;
			attributes = {
				BuildIndependentTargetsInParallel = 1;
				KnownAssetTags = (
					APIKEY,
				);
				LastSwiftUpdateCheck = 1610;
				LastUpgradeCheck = 1610;
				TargetAttributes = {
					3ADAE8082CED8F9700407DA8 = {
						CreatedOnToolsVersion = 16.1;
					};
				};
			};
			buildConfigurationList = 3ADAE8042CED8F9700407DA8 /* Build configuration list for PBXProject "FinalProject" */;
			developmentRegion = en;
			hasScannedForEncodings = 0;
			knownRegions = (
				en,
				Base,
			);
			mainGroup = 3ADAE8002CED8F9700407DA8;
			minimizedProjectReferenceProxies = 1;
			packageReferences = (
				3A937FD82CF65D000025E539 /* XCRemoteSwiftPackageReference "firebase-ios-sdk" */,
				3A4464B12CFFE99600394465 /* XCRemoteSwiftPackageReference "OpenAISwift" */,
			);
			preferredProjectObjectVersion = 77;
			productRefGroup = 3ADAE80A2CED8F9800407DA8 /* Products */;
			projectDirPath = "";
			projectRoot = "";
			targets = (
				3ADAE8082CED8F9700407DA8 /* FinalProject */,
			);
		};
/* End PBXProject section */

/* Begin PBXResourcesBuildPhase section */
		3ADAE8072CED8F9700407DA8 /* Resources */ = {
			isa = PBXResourcesBuildPhase;
			buildActionMask = 2147483647;
			files = (
				3A937FD42CF656C60025E539 /* Preview Assets.xcassets in Resources */,
				3A937FD52CF656C60025E539 /* Assets.xcassets in Resources */,
				3A937FE42CF65EA00025E539 /* GoogleService-Info.plist in Resources */,
			);
			runOnlyForDeploymentPostprocessing = 0;
		};
/* End PBXResourcesBuildPhase section */

/* Begin PBXSourcesBuildPhase section */
		3ADAE8052CED8F9700407DA8 /* Sources */ = {
			isa = PBXSourcesBuildPhase;
			buildActionMask = 2147483647;
			files = (
				3A3CBC9A2CFC13A2002A08C2 /* HabitPhotoViewModel.swift in Sources */,
				3AA108232CFD97D200D287E6 /* MainView.swift in Sources */,
				3A4464B52CFFE9C900394465 /* GPTPromptView.swift in Sources */,
				3A3CBC702CFBDFA1002A08C2 /* HabitPhoto.swift in Sources */,
				3AA98CAB2CFA57BD00B3A411 /* CameraProcessView.swift in Sources */,
				3A823EFE2CF80B4600F441F3 /* Habit.swift in Sources */,
				3A937FD62CF656C60025E539 /* LoginView.swift in Sources */,
				3A8055112CFADAD000E88821 /* CameraBackView.swift in Sources */,
				3A937FD72CF656C60025E539 /* FinalProjectApp.swift in Sources */,
				3A8054EF2CFA908700E88821 /* CountdownView.swift in Sources */,
				3A01A9DB2CFAEC1D005D86E5 /* CameraFrontView.swift in Sources */,
				3A823F352CF92A0800F441F3 /* RefreshUserHabits.swift in Sources */,
				3A823F1D2CF8F23600F441F3 /* ToDoHabitsView.swift in Sources */,
				3A4464BF2D002CF200394465 /* AIService.swift in Sources */,
				3A4464C52D0032DA00394465 /* NetworkManager.swift in Sources */,
				3A823F192CF8328300F441F3 /* HabitViewModel.swift in Sources */,
				3A4464BD2D002BFA00394465 /* RequestBuilder.swift in Sources */,
				3A4464912CFE6F1800394465 /* UserViewModel.swift in Sources */,
				3AA98CA32CF995AD00B3A411 /* CameraPermission.swift in Sources */,
				3A4464A82CFF9E8C00394465 /* ProfileNavView.swift in Sources */,
				3AA98CB62CFA635C00B3A411 /* CameraViewModel.swift in Sources */,
				3A3CBC722CFBE184002A08C2 /* DiscoveryView.swift in Sources */,
				3A4464C32D002F4E00394465 /* AsyncButton.swift in Sources */,
				3A4464C12D002DBA00394465 /* AIResponse.swift in Sources */,
				3A823F172CF8312500F441F3 /* PersonalHabitsView.swift in Sources */,
				3A823F022CF80E5E00F441F3 /* CreateHabitView.swift in Sources */,
				3A4464AC2CFFDFF500394465 /* ProfileView.swift in Sources */,
				3A44648F2CFE6CC800394465 /* User.swift in Sources */,
			);
			runOnlyForDeploymentPostprocessing = 0;
		};
/* End PBXSourcesBuildPhase section */

/* Begin XCBuildConfiguration section */
		3ADAE8152CED8F9800407DA8 /* Debug */ = {
			isa = XCBuildConfiguration;
			buildSettings = {
				ALWAYS_SEARCH_USER_PATHS = NO;
				ASSETCATALOG_COMPILER_GENERATE_SWIFT_ASSET_SYMBOL_EXTENSIONS = YES;
				CLANG_ANALYZER_NONNULL = YES;
				CLANG_ANALYZER_NUMBER_OBJECT_CONVERSION = YES_AGGRESSIVE;
				CLANG_CXX_LANGUAGE_STANDARD = "gnu++20";
				CLANG_ENABLE_MODULES = YES;
				CLANG_ENABLE_OBJC_ARC = YES;
				CLANG_ENABLE_OBJC_WEAK = YES;
				CLANG_WARN_BLOCK_CAPTURE_AUTORELEASING = YES;
				CLANG_WARN_BOOL_CONVERSION = YES;
				CLANG_WARN_COMMA = YES;
				CLANG_WARN_CONSTANT_CONVERSION = YES;
				CLANG_WARN_DEPRECATED_OBJC_IMPLEMENTATIONS = YES;
				CLANG_WARN_DIRECT_OBJC_ISA_USAGE = YES_ERROR;
				CLANG_WARN_DOCUMENTATION_COMMENTS = YES;
				CLANG_WARN_EMPTY_BODY = YES;
				CLANG_WARN_ENUM_CONVERSION = YES;
				CLANG_WARN_INFINITE_RECURSION = YES;
				CLANG_WARN_INT_CONVERSION = YES;
				CLANG_WARN_NON_LITERAL_NULL_CONVERSION = YES;
				CLANG_WARN_OBJC_IMPLICIT_RETAIN_SELF = YES;
				CLANG_WARN_OBJC_LITERAL_CONVERSION = YES;
				CLANG_WARN_OBJC_ROOT_CLASS = YES_ERROR;
				CLANG_WARN_QUOTED_INCLUDE_IN_FRAMEWORK_HEADER = YES;
				CLANG_WARN_RANGE_LOOP_ANALYSIS = YES;
				CLANG_WARN_STRICT_PROTOTYPES = YES;
				CLANG_WARN_SUSPICIOUS_MOVE = YES;
				CLANG_WARN_UNGUARDED_AVAILABILITY = YES_AGGRESSIVE;
				CLANG_WARN_UNREACHABLE_CODE = YES;
				CLANG_WARN__DUPLICATE_METHOD_MATCH = YES;
				COPY_PHASE_STRIP = NO;
				DEBUG_INFORMATION_FORMAT = dwarf;
				ENABLE_STRICT_OBJC_MSGSEND = YES;
				ENABLE_TESTABILITY = YES;
				ENABLE_USER_SCRIPT_SANDBOXING = YES;
				GCC_C_LANGUAGE_STANDARD = gnu17;
				GCC_DYNAMIC_NO_PIC = NO;
				GCC_NO_COMMON_BLOCKS = YES;
				GCC_OPTIMIZATION_LEVEL = 0;
				GCC_PREPROCESSOR_DEFINITIONS = (
					"DEBUG=1",
					"$(inherited)",
				);
				GCC_WARN_64_TO_32_BIT_CONVERSION = YES;
				GCC_WARN_ABOUT_RETURN_TYPE = YES_ERROR;
				GCC_WARN_UNDECLARED_SELECTOR = YES;
				GCC_WARN_UNINITIALIZED_AUTOS = YES_AGGRESSIVE;
				GCC_WARN_UNUSED_FUNCTION = YES;
				GCC_WARN_UNUSED_VARIABLE = YES;
				IPHONEOS_DEPLOYMENT_TARGET = 18.1;
				LOCALIZATION_PREFERS_STRING_CATALOGS = YES;
				MTL_ENABLE_DEBUG_INFO = INCLUDE_SOURCE;
				MTL_FAST_MATH = YES;
				ONLY_ACTIVE_ARCH = YES;
				SDKROOT = iphoneos;
				SWIFT_ACTIVE_COMPILATION_CONDITIONS = "DEBUG $(inherited)";
				SWIFT_OPTIMIZATION_LEVEL = "-Onone";
			};
			name = Debug;
		};
		3ADAE8162CED8F9800407DA8 /* Release */ = {
			isa = XCBuildConfiguration;
			buildSettings = {
				ALWAYS_SEARCH_USER_PATHS = NO;
				ASSETCATALOG_COMPILER_GENERATE_SWIFT_ASSET_SYMBOL_EXTENSIONS = YES;
				CLANG_ANALYZER_NONNULL = YES;
				CLANG_ANALYZER_NUMBER_OBJECT_CONVERSION = YES_AGGRESSIVE;
				CLANG_CXX_LANGUAGE_STANDARD = "gnu++20";
				CLANG_ENABLE_MODULES = YES;
				CLANG_ENABLE_OBJC_ARC = YES;
				CLANG_ENABLE_OBJC_WEAK = YES;
				CLANG_WARN_BLOCK_CAPTURE_AUTORELEASING = YES;
				CLANG_WARN_BOOL_CONVERSION = YES;
				CLANG_WARN_COMMA = YES;
				CLANG_WARN_CONSTANT_CONVERSION = YES;
				CLANG_WARN_DEPRECATED_OBJC_IMPLEMENTATIONS = YES;
				CLANG_WARN_DIRECT_OBJC_ISA_USAGE = YES_ERROR;
				CLANG_WARN_DOCUMENTATION_COMMENTS = YES;
				CLANG_WARN_EMPTY_BODY = YES;
				CLANG_WARN_ENUM_CONVERSION = YES;
				CLANG_WARN_INFINITE_RECURSION = YES;
				CLANG_WARN_INT_CONVERSION = YES;
				CLANG_WARN_NON_LITERAL_NULL_CONVERSION = YES;
				CLANG_WARN_OBJC_IMPLICIT_RETAIN_SELF = YES;
				CLANG_WARN_OBJC_LITERAL_CONVERSION = YES;
				CLANG_WARN_OBJC_ROOT_CLASS = YES_ERROR;
				CLANG_WARN_QUOTED_INCLUDE_IN_FRAMEWORK_HEADER = YES;
				CLANG_WARN_RANGE_LOOP_ANALYSIS = YES;
				CLANG_WARN_STRICT_PROTOTYPES = YES;
				CLANG_WARN_SUSPICIOUS_MOVE = YES;
				CLANG_WARN_UNGUARDED_AVAILABILITY = YES_AGGRESSIVE;
				CLANG_WARN_UNREACHABLE_CODE = YES;
				CLANG_WARN__DUPLICATE_METHOD_MATCH = YES;
				COPY_PHASE_STRIP = NO;
				DEBUG_INFORMATION_FORMAT = "dwarf-with-dsym";
				ENABLE_NS_ASSERTIONS = NO;
				ENABLE_STRICT_OBJC_MSGSEND = YES;
				ENABLE_USER_SCRIPT_SANDBOXING = YES;
				GCC_C_LANGUAGE_STANDARD = gnu17;
				GCC_NO_COMMON_BLOCKS = YES;
				GCC_WARN_64_TO_32_BIT_CONVERSION = YES;
				GCC_WARN_ABOUT_RETURN_TYPE = YES_ERROR;
				GCC_WARN_UNDECLARED_SELECTOR = YES;
				GCC_WARN_UNINITIALIZED_AUTOS = YES_AGGRESSIVE;
				GCC_WARN_UNUSED_FUNCTION = YES;
				GCC_WARN_UNUSED_VARIABLE = YES;
				IPHONEOS_DEPLOYMENT_TARGET = 18.1;
				LOCALIZATION_PREFERS_STRING_CATALOGS = YES;
				MTL_ENABLE_DEBUG_INFO = NO;
				MTL_FAST_MATH = YES;
				SDKROOT = iphoneos;
				SWIFT_COMPILATION_MODE = wholemodule;
				VALIDATE_PRODUCT = YES;
			};
			name = Release;
		};
		3ADAE8182CED8F9800407DA8 /* Debug */ = {
			isa = XCBuildConfiguration;
			buildSettings = {
				ASSETCATALOG_COMPILER_APPICON_NAME = AppIcon;
				ASSETCATALOG_COMPILER_GLOBAL_ACCENT_COLOR_NAME = AccentColor;
				CODE_SIGN_STYLE = Automatic;
				CURRENT_PROJECT_VERSION = 1;
				DEVELOPMENT_ASSET_PATHS = "\"FinalProject/Preview Content\"";
				DEVELOPMENT_TEAM = 4Y44C7HXS2;
				ENABLE_PREVIEWS = YES;
				GENERATE_INFOPLIST_FILE = YES;
				INFOPLIST_KEY_CFBundleDisplayName = Final;
				INFOPLIST_KEY_NSCameraUsageDescription = "Takes pictures for documentation";
				INFOPLIST_KEY_UIApplicationSceneManifest_Generation = YES;
				INFOPLIST_KEY_UIApplicationSupportsIndirectInputEvents = YES;
				INFOPLIST_KEY_UILaunchScreen_Generation = YES;
				INFOPLIST_KEY_UISupportedInterfaceOrientations_iPad = "UIInterfaceOrientationPortrait UIInterfaceOrientationPortraitUpsideDown UIInterfaceOrientationLandscapeLeft UIInterfaceOrientationLandscapeRight";
				INFOPLIST_KEY_UISupportedInterfaceOrientations_iPhone = "UIInterfaceOrientationPortrait UIInterfaceOrientationLandscapeLeft UIInterfaceOrientationLandscapeRight";
				LD_RUNPATH_SEARCH_PATHS = (
					"$(inherited)",
					"@executable_path/Frameworks",
				);
				MARKETING_VERSION = 1.0;
				ON_DEMAND_RESOURCES_INITIAL_INSTALL_TAGS = APIKEY;
				PRODUCT_BUNDLE_IDENTIFIER = com.itokazu.FinalProject;
				PRODUCT_NAME = "$(TARGET_NAME)";
				SWIFT_EMIT_LOC_STRINGS = YES;
				SWIFT_VERSION = 5.0;
				TARGETED_DEVICE_FAMILY = "1,2";
			};
			name = Debug;
		};
		3ADAE8192CED8F9800407DA8 /* Release */ = {
			isa = XCBuildConfiguration;
			buildSettings = {
				ASSETCATALOG_COMPILER_APPICON_NAME = AppIcon;
				ASSETCATALOG_COMPILER_GLOBAL_ACCENT_COLOR_NAME = AccentColor;
				CODE_SIGN_STYLE = Automatic;
				CURRENT_PROJECT_VERSION = 1;
				DEVELOPMENT_ASSET_PATHS = "\"FinalProject/Preview Content\"";
				DEVELOPMENT_TEAM = 4Y44C7HXS2;
				ENABLE_PREVIEWS = YES;
				GENERATE_INFOPLIST_FILE = YES;
				INFOPLIST_KEY_CFBundleDisplayName = Final;
				INFOPLIST_KEY_NSCameraUsageDescription = "Takes pictures for documentation";
				INFOPLIST_KEY_UIApplicationSceneManifest_Generation = YES;
				INFOPLIST_KEY_UIApplicationSupportsIndirectInputEvents = YES;
				INFOPLIST_KEY_UILaunchScreen_Generation = YES;
				INFOPLIST_KEY_UISupportedInterfaceOrientations_iPad = "UIInterfaceOrientationPortrait UIInterfaceOrientationPortraitUpsideDown UIInterfaceOrientationLandscapeLeft UIInterfaceOrientationLandscapeRight";
				INFOPLIST_KEY_UISupportedInterfaceOrientations_iPhone = "UIInterfaceOrientationPortrait UIInterfaceOrientationLandscapeLeft UIInterfaceOrientationLandscapeRight";
				LD_RUNPATH_SEARCH_PATHS = (
					"$(inherited)",
					"@executable_path/Frameworks",
				);
				MARKETING_VERSION = 1.0;
				ON_DEMAND_RESOURCES_INITIAL_INSTALL_TAGS = APIKEY;
				PRODUCT_BUNDLE_IDENTIFIER = com.itokazu.FinalProject;
				PRODUCT_NAME = "$(TARGET_NAME)";
				SWIFT_EMIT_LOC_STRINGS = YES;
				SWIFT_VERSION = 5.0;
				TARGETED_DEVICE_FAMILY = "1,2";
			};
			name = Release;
		};
/* End XCBuildConfiguration section */

/* Begin XCConfigurationList section */
		3ADAE8042CED8F9700407DA8 /* Build configuration list for PBXProject "FinalProject" */ = {
			isa = XCConfigurationList;
			buildConfigurations = (
				3ADAE8152CED8F9800407DA8 /* Debug */,
				3ADAE8162CED8F9800407DA8 /* Release */,
			);
			defaultConfigurationIsVisible = 0;
			defaultConfigurationName = Release;
		};
		3ADAE8172CED8F9800407DA8 /* Build configuration list for PBXNativeTarget "FinalProject" */ = {
			isa = XCConfigurationList;
			buildConfigurations = (
				3ADAE8182CED8F9800407DA8 /* Debug */,
				3ADAE8192CED8F9800407DA8 /* Release */,
			);
			defaultConfigurationIsVisible = 0;
			defaultConfigurationName = Release;
		};
/* End XCConfigurationList section */

/* Begin XCRemoteSwiftPackageReference section */
		3A4464B12CFFE99600394465 /* XCRemoteSwiftPackageReference "OpenAISwift" */ = {
			isa = XCRemoteSwiftPackageReference;
			repositoryURL = "https://github.com/adamrushy/OpenAISwift.git";
			requirement = {
				kind = upToNextMajorVersion;
				minimumVersion = 1.4.1;
			};
		};
		3A937FD82CF65D000025E539 /* XCRemoteSwiftPackageReference "firebase-ios-sdk" */ = {
			isa = XCRemoteSwiftPackageReference;
			repositoryURL = "https://github.com/firebase/firebase-ios-sdk.git";
			requirement = {
				kind = upToNextMajorVersion;
				minimumVersion = 11.5.0;
			};
		};
/* End XCRemoteSwiftPackageReference section */

/* Begin XCSwiftPackageProductDependency section */
		3A4464B22CFFE99600394465 /* OpenAISwift */ = {
			isa = XCSwiftPackageProductDependency;
			package = 3A4464B12CFFE99600394465 /* XCRemoteSwiftPackageReference "OpenAISwift" */;
			productName = OpenAISwift;
		};
		3A937FD92CF65D000025E539 /* FirebaseAuth */ = {
			isa = XCSwiftPackageProductDependency;
			package = 3A937FD82CF65D000025E539 /* XCRemoteSwiftPackageReference "firebase-ios-sdk" */;
			productName = FirebaseAuth;
		};
		3A937FDB2CF65D000025E539 /* FirebaseFirestore */ = {
			isa = XCSwiftPackageProductDependency;
			package = 3A937FD82CF65D000025E539 /* XCRemoteSwiftPackageReference "firebase-ios-sdk" */;
			productName = FirebaseFirestore;
		};
		3A937FDD2CF65D000025E539 /* FirebaseStorage */ = {
			isa = XCSwiftPackageProductDependency;
			package = 3A937FD82CF65D000025E539 /* XCRemoteSwiftPackageReference "firebase-ios-sdk" */;
			productName = FirebaseStorage;
		};
/* End XCSwiftPackageProductDependency section */
	};
	rootObject = 3ADAE8012CED8F9700407DA8 /* Project object */;
}
