// !$*UTF8*$!
{
	archiveVersion = 1;
	classes = {
	};
	objectVersion = 77;
	objects = {

/* Begin PBXBuildFile section */
		3A823EFE2CF80B4600F441F3 /* Habit.swift in Sources */ = {isa = PBXBuildFile; fileRef = 3A823EFD2CF80B4600F441F3 /* Habit.swift */; };
		3A823F022CF80E5E00F441F3 /* CreateHabitView.swift in Sources */ = {isa = PBXBuildFile; fileRef = 3A823F012CF80E5E00F441F3 /* CreateHabitView.swift */; };
		3A823F172CF8312500F441F3 /* PersonalHabitsView.swift in Sources */ = {isa = PBXBuildFile; fileRef = 3A823F162CF8312500F441F3 /* PersonalHabitsView.swift */; };
		3A823F192CF8328300F441F3 /* HabitViewModel.swift in Sources */ = {isa = PBXBuildFile; fileRef = 3A823F182CF8328300F441F3 /* HabitViewModel.swift */; };
		3A823F1D2CF8F23600F441F3 /* ToDoHabitsView.swift in Sources */ = {isa = PBXBuildFile; fileRef = 3A823F1C2CF8F23600F441F3 /* ToDoHabitsView.swift */; };
		3A937FD42CF656C60025E539 /* Preview Assets.xcassets in Resources */ = {isa = PBXBuildFile; fileRef = 3A937FCC2CF656C60025E539 /* Preview Assets.xcassets */; };
		3A937FD52CF656C60025E539 /* Assets.xcassets in Resources */ = {isa = PBXBuildFile; fileRef = 3A937FD02CF656C60025E539 /* Assets.xcassets */; };
		3A937FD62CF656C60025E539 /* LoginView.swift in Sources */ = {isa = PBXBuildFile; fileRef = 3A937FD12CF656C60025E539 /* LoginView.swift */; };
		3A937FD72CF656C60025E539 /* FinalProjectApp.swift in Sources */ = {isa = PBXBuildFile; fileRef = 3A937FD22CF656C60025E539 /* FinalProjectApp.swift */; };
		3A937FDA2CF65D000025E539 /* FirebaseAuth in Frameworks */ = {isa = PBXBuildFile; productRef = 3A937FD92CF65D000025E539 /* FirebaseAuth */; };
		3A937FDC2CF65D000025E539 /* FirebaseFirestore in Frameworks */ = {isa = PBXBuildFile; productRef = 3A937FDB2CF65D000025E539 /* FirebaseFirestore */; };
		3A937FDE2CF65D000025E539 /* FirebaseStorage in Frameworks */ = {isa = PBXBuildFile; productRef = 3A937FDD2CF65D000025E539 /* FirebaseStorage */; };
		3A937FE42CF65EA00025E539 /* GoogleService-Info.plist in Resources */ = {isa = PBXBuildFile; fileRef = 3A937FE32CF65EA00025E539 /* GoogleService-Info.plist */; };
/* End PBXBuildFile section */

/* Begin PBXFileReference section */
		3A823EFD2CF80B4600F441F3 /* Habit.swift */ = {isa = PBXFileReference; lastKnownFileType = sourcecode.swift; path = Habit.swift; sourceTree = "<group>"; };
		3A823F012CF80E5E00F441F3 /* CreateHabitView.swift */ = {isa = PBXFileReference; lastKnownFileType = sourcecode.swift; path = CreateHabitView.swift; sourceTree = "<group>"; };
		3A823F162CF8312500F441F3 /* PersonalHabitsView.swift */ = {isa = PBXFileReference; lastKnownFileType = sourcecode.swift; path = PersonalHabitsView.swift; sourceTree = "<group>"; };
		3A823F182CF8328300F441F3 /* HabitViewModel.swift */ = {isa = PBXFileReference; lastKnownFileType = sourcecode.swift; path = HabitViewModel.swift; sourceTree = "<group>"; };
		3A823F1C2CF8F23600F441F3 /* ToDoHabitsView.swift */ = {isa = PBXFileReference; lastKnownFileType = sourcecode.swift; path = ToDoHabitsView.swift; sourceTree = "<group>"; };
		3A937FCC2CF656C60025E539 /* Preview Assets.xcassets */ = {isa = PBXFileReference; lastKnownFileType = folder.assetcatalog; path = "Preview Assets.xcassets"; sourceTree = "<group>"; };
		3A937FD02CF656C60025E539 /* Assets.xcassets */ = {isa = PBXFileReference; lastKnownFileType = folder.assetcatalog; path = Assets.xcassets; sourceTree = "<group>"; };
		3A937FD12CF656C60025E539 /* LoginView.swift */ = {isa = PBXFileReference; lastKnownFileType = sourcecode.swift; path = LoginView.swift; sourceTree = "<group>"; };
		3A937FD22CF656C60025E539 /* FinalProjectApp.swift */ = {isa = PBXFileReference; lastKnownFileType = sourcecode.swift; path = FinalProjectApp.swift; sourceTree = "<group>"; };
		3A937FE32CF65EA00025E539 /* GoogleService-Info.plist */ = {isa = PBXFileReference; lastKnownFileType = text.plist.xml; path = "GoogleService-Info.plist"; sourceTree = "<group>"; };
		3ADAE8092CED8F9800407DA8 /* FinalProject.app */ = {isa = PBXFileReference; explicitFileType = wrapper.application; includeInIndex = 0; path = FinalProject.app; sourceTree = BUILT_PRODUCTS_DIR; };
/* End PBXFileReference section */

/* Begin PBXFrameworksBuildPhase section */
		3ADAE8062CED8F9700407DA8 /* Frameworks */ = {
			isa = PBXFrameworksBuildPhase;
			buildActionMask = 2147483647;
			files = (
				3A937FDA2CF65D000025E539 /* FirebaseAuth in Frameworks */,
				3A937FDC2CF65D000025E539 /* FirebaseFirestore in Frameworks */,
				3A937FDE2CF65D000025E539 /* FirebaseStorage in Frameworks */,
			);
			runOnlyForDeploymentPostprocessing = 0;
		};
/* End PBXFrameworksBuildPhase section */

/* Begin PBXGroup section */
		3A937FCB2CF656C60025E539 /* Models */ = {
			isa = PBXGroup;
			children = (
				3A823EFD2CF80B4600F441F3 /* Habit.swift */,
			);
			path = Models;
			sourceTree = "<group>";
		};
		3A937FCD2CF656C60025E539 /* Preview Content */ = {
			isa = PBXGroup;
			children = (
				3A937FCC2CF656C60025E539 /* Preview Assets.xcassets */,
			);
			path = "Preview Content";
			sourceTree = "<group>";
		};
		3A937FCE2CF656C60025E539 /* ViewModels */ = {
			isa = PBXGroup;
			children = (
				3A823F182CF8328300F441F3 /* HabitViewModel.swift */,
			);
			path = ViewModels;
			sourceTree = "<group>";
		};
		3A937FCF2CF656C60025E539 /* Views */ = {
			isa = PBXGroup;
			children = (
				3A823F012CF80E5E00F441F3 /* CreateHabitView.swift */,
				3A823F162CF8312500F441F3 /* PersonalHabitsView.swift */,
				3A823F1C2CF8F23600F441F3 /* ToDoHabitsView.swift */,
				3A937FD12CF656C60025E539 /* LoginView.swift */,
			);
			path = Views;
			sourceTree = "<group>";
		};
		3A937FD32CF656C60025E539 /* FinalProject */ = {
			isa = PBXGroup;
			children = (
				3A937FCB2CF656C60025E539 /* Models */,
				3A937FCE2CF656C60025E539 /* ViewModels */,
				3A937FCF2CF656C60025E539 /* Views */,
				3A937FCD2CF656C60025E539 /* Preview Content */,
				3A937FD02CF656C60025E539 /* Assets.xcassets */,
				3A937FD22CF656C60025E539 /* FinalProjectApp.swift */,
				3A937FE32CF65EA00025E539 /* GoogleService-Info.plist */,
			);
			path = FinalProject;
			sourceTree = "<group>";
		};
		3ADAE8002CED8F9700407DA8 = {
			isa = PBXGroup;
			children = (
				3A937FD32CF656C60025E539 /* FinalProject */,
				3ADAE80A2CED8F9800407DA8 /* Products */,
			);
			sourceTree = "<group>";
		};
		3ADAE80A2CED8F9800407DA8 /* Products */ = {
			isa = PBXGroup;
			children = (
				3ADAE8092CED8F9800407DA8 /* FinalProject.app */,
			);
			name = Products;
			sourceTree = "<group>";
		};
/* End PBXGroup section */

/* Begin PBXNativeTarget section */
		3ADAE8082CED8F9700407DA8 /* FinalProject */ = {
			isa = PBXNativeTarget;
			buildConfigurationList = 3ADAE8172CED8F9800407DA8 /* Build configuration list for PBXNativeTarget "FinalProject" */;
			buildPhases = (
				3ADAE8052CED8F9700407DA8 /* Sources */,
				3ADAE8062CED8F9700407DA8 /* Frameworks */,
				3ADAE8072CED8F9700407DA8 /* Resources */,
			);
			buildRules = (
			);
			dependencies = (
			);
			name = FinalProject;
			packageProductDependencies = (
				3A937FD92CF65D000025E539 /* FirebaseAuth */,
				3A937FDB2CF65D000025E539 /* FirebaseFirestore */,
				3A937FDD2CF65D000025E539 /* FirebaseStorage */,
			);
			productName = FinalProject;
			productReference = 3ADAE8092CED8F9800407DA8 /* FinalProject.app */;
			productType = "com.apple.product-type.application";
		};
/* End PBXNativeTarget section */

/* Begin PBXProject section */
		3ADAE8012CED8F9700407DA8 /* Project object */ = {
			isa = PBXProject;
			attributes = {
				BuildIndependentTargetsInParallel = 1;
				LastSwiftUpdateCheck = 1610;
				LastUpgradeCheck = 1610;
				TargetAttributes = {
					3ADAE8082CED8F9700407DA8 = {
						CreatedOnToolsVersion = 16.1;
					};
				};
			};
			buildConfigurationList = 3ADAE8042CED8F9700407DA8 /* Build configuration list for PBXProject "FinalProject" */;
			developmentRegion = en;
			hasScannedForEncodings = 0;
			knownRegions = (
				en,
				Base,
			);
			mainGroup = 3ADAE8002CED8F9700407DA8;
			minimizedProjectReferenceProxies = 1;
			packageReferences = (
				3A937FD82CF65D000025E539 /* XCRemoteSwiftPackageReference "firebase-ios-sdk" */,
			);
			preferredProjectObjectVersion = 77;
			productRefGroup = 3ADAE80A2CED8F9800407DA8 /* Products */;
			projectDirPath = "";
			projectRoot = "";
			targets = (
				3ADAE8082CED8F9700407DA8 /* FinalProject */,
			);
		};
/* End PBXProject section */

/* Begin PBXResourcesBuildPhase section */
		3ADAE8072CED8F9700407DA8 /* Resources */ = {
			isa = PBXResourcesBuildPhase;
			buildActionMask = 2147483647;
			files = (
				3A937FD42CF656C60025E539 /* Preview Assets.xcassets in Resources */,
				3A937FD52CF656C60025E539 /* Assets.xcassets in Resources */,
				3A937FE42CF65EA00025E539 /* GoogleService-Info.plist in Resources */,
			);
			runOnlyForDeploymentPostprocessing = 0;
		};
/* End PBXResourcesBuildPhase section */

/* Begin PBXSourcesBuildPhase section */
		3ADAE8052CED8F9700407DA8 /* Sources */ = {
			isa = PBXSourcesBuildPhase;
			buildActionMask = 2147483647;
			files = (
				3A823EFE2CF80B4600F441F3 /* Habit.swift in Sources */,
				3A937FD62CF656C60025E539 /* LoginView.swift in Sources */,
				3A937FD72CF656C60025E539 /* FinalProjectApp.swift in Sources */,
				3A823F1D2CF8F23600F441F3 /* ToDoHabitsView.swift in Sources */,
				3A823F192CF8328300F441F3 /* HabitViewModel.swift in Sources */,
				3A823F172CF8312500F441F3 /* PersonalHabitsView.swift in Sources */,
				3A823F022CF80E5E00F441F3 /* CreateHabitView.swift in Sources */,
			);
			runOnlyForDeploymentPostprocessing = 0;
		};
/* End PBXSourcesBuildPhase section */

/* Begin XCBuildConfiguration section */
		3ADAE8152CED8F9800407DA8 /* Debug */ = {
			isa = XCBuildConfiguration;
			buildSettings = {
				ALWAYS_SEARCH_USER_PATHS = NO;
				ASSETCATALOG_COMPILER_GENERATE_SWIFT_ASSET_SYMBOL_EXTENSIONS = YES;
				CLANG_ANALYZER_NONNULL = YES;
				CLANG_ANALYZER_NUMBER_OBJECT_CONVERSION = YES_AGGRESSIVE;
				CLANG_CXX_LANGUAGE_STANDARD = "gnu++20";
				CLANG_ENABLE_MODULES = YES;
				CLANG_ENABLE_OBJC_ARC = YES;
				CLANG_ENABLE_OBJC_WEAK = YES;
				CLANG_WARN_BLOCK_CAPTURE_AUTORELEASING = YES;
				CLANG_WARN_BOOL_CONVERSION = YES;
				CLANG_WARN_COMMA = YES;
				CLANG_WARN_CONSTANT_CONVERSION = YES;
				CLANG_WARN_DEPRECATED_OBJC_IMPLEMENTATIONS = YES;
				CLANG_WARN_DIRECT_OBJC_ISA_USAGE = YES_ERROR;
				CLANG_WARN_DOCUMENTATION_COMMENTS = YES;
				CLANG_WARN_EMPTY_BODY = YES;
				CLANG_WARN_ENUM_CONVERSION = YES;
				CLANG_WARN_INFINITE_RECURSION = YES;
				CLANG_WARN_INT_CONVERSION = YES;
				CLANG_WARN_NON_LITERAL_NULL_CONVERSION = YES;
				CLANG_WARN_OBJC_IMPLICIT_RETAIN_SELF = YES;
				CLANG_WARN_OBJC_LITERAL_CONVERSION = YES;
				CLANG_WARN_OBJC_ROOT_CLASS = YES_ERROR;
				CLANG_WARN_QUOTED_INCLUDE_IN_FRAMEWORK_HEADER = YES;
				CLANG_WARN_RANGE_LOOP_ANALYSIS = YES;
				CLANG_WARN_STRICT_PROTOTYPES = YES;
				CLANG_WARN_SUSPICIOUS_MOVE = YES;
				CLANG_WARN_UNGUARDED_AVAILABILITY = YES_AGGRESSIVE;
				CLANG_WARN_UNREACHABLE_CODE = YES;
				CLANG_WARN__DUPLICATE_METHOD_MATCH = YES;
				COPY_PHASE_STRIP = NO;
				DEBUG_INFORMATION_FORMAT = dwarf;
				ENABLE_STRICT_OBJC_MSGSEND = YES;
				ENABLE_TESTABILITY = YES;
				ENABLE_USER_SCRIPT_SANDBOXING = YES;
				GCC_C_LANGUAGE_STANDARD = gnu17;
				GCC_DYNAMIC_NO_PIC = NO;
				GCC_NO_COMMON_BLOCKS = YES;
				GCC_OPTIMIZATION_LEVEL = 0;
				GCC_PREPROCESSOR_DEFINITIONS = (
					"DEBUG=1",
					"$(inherited)",
				);
				GCC_WARN_64_TO_32_BIT_CONVERSION = YES;
				GCC_WARN_ABOUT_RETURN_TYPE = YES_ERROR;
				GCC_WARN_UNDECLARED_SELECTOR = YES;
				GCC_WARN_UNINITIALIZED_AUTOS = YES_AGGRESSIVE;
				GCC_WARN_UNUSED_FUNCTION = YES;
				GCC_WARN_UNUSED_VARIABLE = YES;
				IPHONEOS_DEPLOYMENT_TARGET = 18.1;
				LOCALIZATION_PREFERS_STRING_CATALOGS = YES;
				MTL_ENABLE_DEBUG_INFO = INCLUDE_SOURCE;
				MTL_FAST_MATH = YES;
				ONLY_ACTIVE_ARCH = YES;
				SDKROOT = iphoneos;
				SWIFT_ACTIVE_COMPILATION_CONDITIONS = "DEBUG $(inherited)";
				SWIFT_OPTIMIZATION_LEVEL = "-Onone";
			};
			name = Debug;
		};
		3ADAE8162CED8F9800407DA8 /* Release */ = {
			isa = XCBuildConfiguration;
			buildSettings = {
				ALWAYS_SEARCH_USER_PATHS = NO;
				ASSETCATALOG_COMPILER_GENERATE_SWIFT_ASSET_SYMBOL_EXTENSIONS = YES;
				CLANG_ANALYZER_NONNULL = YES;
				CLANG_ANALYZER_NUMBER_OBJECT_CONVERSION = YES_AGGRESSIVE;
				CLANG_CXX_LANGUAGE_STANDARD = "gnu++20";
				CLANG_ENABLE_MODULES = YES;
				CLANG_ENABLE_OBJC_ARC = YES;
				CLANG_ENABLE_OBJC_WEAK = YES;
				CLANG_WARN_BLOCK_CAPTURE_AUTORELEASING = YES;
				CLANG_WARN_BOOL_CONVERSION = YES;
				CLANG_WARN_COMMA = YES;
				CLANG_WARN_CONSTANT_CONVERSION = YES;
				CLANG_WARN_DEPRECATED_OBJC_IMPLEMENTATIONS = YES;
				CLANG_WARN_DIRECT_OBJC_ISA_USAGE = YES_ERROR;
				CLANG_WARN_DOCUMENTATION_COMMENTS = YES;
				CLANG_WARN_EMPTY_BODY = YES;
				CLANG_WARN_ENUM_CONVERSION = YES;
				CLANG_WARN_INFINITE_RECURSION = YES;
				CLANG_WARN_INT_CONVERSION = YES;
				CLANG_WARN_NON_LITERAL_NULL_CONVERSION = YES;
				CLANG_WARN_OBJC_IMPLICIT_RETAIN_SELF = YES;
				CLANG_WARN_OBJC_LITERAL_CONVERSION = YES;
				CLANG_WARN_OBJC_ROOT_CLASS = YES_ERROR;
				CLANG_WARN_QUOTED_INCLUDE_IN_FRAMEWORK_HEADER = YES;
				CLANG_WARN_RANGE_LOOP_ANALYSIS = YES;
				CLANG_WARN_STRICT_PROTOTYPES = YES;
				CLANG_WARN_SUSPICIOUS_MOVE = YES;
				CLANG_WARN_UNGUARDED_AVAILABILITY = YES_AGGRESSIVE;
				CLANG_WARN_UNREACHABLE_CODE = YES;
				CLANG_WARN__DUPLICATE_METHOD_MATCH = YES;
				COPY_PHASE_STRIP = NO;
				DEBUG_INFORMATION_FORMAT = "dwarf-with-dsym";
				ENABLE_NS_ASSERTIONS = NO;
				ENABLE_STRICT_OBJC_MSGSEND = YES;
				ENABLE_USER_SCRIPT_SANDBOXING = YES;
				GCC_C_LANGUAGE_STANDARD = gnu17;
				GCC_NO_COMMON_BLOCKS = YES;
				GCC_WARN_64_TO_32_BIT_CONVERSION = YES;
				GCC_WARN_ABOUT_RETURN_TYPE = YES_ERROR;
				GCC_WARN_UNDECLARED_SELECTOR = YES;
				GCC_WARN_UNINITIALIZED_AUTOS = YES_AGGRESSIVE;
				GCC_WARN_UNUSED_FUNCTION = YES;
				GCC_WARN_UNUSED_VARIABLE = YES;
				IPHONEOS_DEPLOYMENT_TARGET = 18.1;
				LOCALIZATION_PREFERS_STRING_CATALOGS = YES;
				MTL_ENABLE_DEBUG_INFO = NO;
				MTL_FAST_MATH = YES;
				SDKROOT = iphoneos;
				SWIFT_COMPILATION_MODE = wholemodule;
				VALIDATE_PRODUCT = YES;
			};
			name = Release;
		};
		3ADAE8182CED8F9800407DA8 /* Debug */ = {
			isa = XCBuildConfiguration;
			buildSettings = {
				ASSETCATALOG_COMPILER_APPICON_NAME = AppIcon;
				ASSETCATALOG_COMPILER_GLOBAL_ACCENT_COLOR_NAME = AccentColor;
				CODE_SIGN_STYLE = Automatic;
				CURRENT_PROJECT_VERSION = 1;
				DEVELOPMENT_ASSET_PATHS = "\"FinalProject/Preview Content\"";
				DEVELOPMENT_TEAM = 4Y44C7HXS2;
				ENABLE_PREVIEWS = YES;
				GENERATE_INFOPLIST_FILE = YES;
				INFOPLIST_KEY_UIApplicationSceneManifest_Generation = YES;
				INFOPLIST_KEY_UIApplicationSupportsIndirectInputEvents = YES;
				INFOPLIST_KEY_UILaunchScreen_Generation = YES;
				INFOPLIST_KEY_UISupportedInterfaceOrientations_iPad = "UIInterfaceOrientationPortrait UIInterfaceOrientationPortraitUpsideDown UIInterfaceOrientationLandscapeLeft UIInterfaceOrientationLandscapeRight";
				INFOPLIST_KEY_UISupportedInterfaceOrientations_iPhone = "UIInterfaceOrientationPortrait UIInterfaceOrientationLandscapeLeft UIInterfaceOrientationLandscapeRight";
				LD_RUNPATH_SEARCH_PATHS = (
					"$(inherited)",
					"@executable_path/Frameworks",
				);
				MARKETING_VERSION = 1.0;
				PRODUCT_BUNDLE_IDENTIFIER = com.itokazu.FinalProject;
				PRODUCT_NAME = "$(TARGET_NAME)";
				SWIFT_EMIT_LOC_STRINGS = YES;
				SWIFT_VERSION = 5.0;
				TARGETED_DEVICE_FAMILY = "1,2";
			};
			name = Debug;
		};
		3ADAE8192CED8F9800407DA8 /* Release */ = {
			isa = XCBuildConfiguration;
			buildSettings = {
				ASSETCATALOG_COMPILER_APPICON_NAME = AppIcon;
				ASSETCATALOG_COMPILER_GLOBAL_ACCENT_COLOR_NAME = AccentColor;
				CODE_SIGN_STYLE = Automatic;
				CURRENT_PROJECT_VERSION = 1;
				DEVELOPMENT_ASSET_PATHS = "\"FinalProject/Preview Content\"";
				DEVELOPMENT_TEAM = 4Y44C7HXS2;
				ENABLE_PREVIEWS = YES;
				GENERATE_INFOPLIST_FILE = YES;
				INFOPLIST_KEY_UIApplicationSceneManifest_Generation = YES;
				INFOPLIST_KEY_UIApplicationSupportsIndirectInputEvents = YES;
				INFOPLIST_KEY_UILaunchScreen_Generation = YES;
				INFOPLIST_KEY_UISupportedInterfaceOrientations_iPad = "UIInterfaceOrientationPortrait UIInterfaceOrientationPortraitUpsideDown UIInterfaceOrientationLandscapeLeft UIInterfaceOrientationLandscapeRight";
				INFOPLIST_KEY_UISupportedInterfaceOrientations_iPhone = "UIInterfaceOrientationPortrait UIInterfaceOrientationLandscapeLeft UIInterfaceOrientationLandscapeRight";
				LD_RUNPATH_SEARCH_PATHS = (
					"$(inherited)",
					"@executable_path/Frameworks",
				);
				MARKETING_VERSION = 1.0;
				PRODUCT_BUNDLE_IDENTIFIER = com.itokazu.FinalProject;
				PRODUCT_NAME = "$(TARGET_NAME)";
				SWIFT_EMIT_LOC_STRINGS = YES;
				SWIFT_VERSION = 5.0;
				TARGETED_DEVICE_FAMILY = "1,2";
			};
			name = Release;
		};
/* End XCBuildConfiguration section */

/* Begin XCConfigurationList section */
		3ADAE8042CED8F9700407DA8 /* Build configuration list for PBXProject "FinalProject" */ = {
			isa = XCConfigurationList;
			buildConfigurations = (
				3ADAE8152CED8F9800407DA8 /* Debug */,
				3ADAE8162CED8F9800407DA8 /* Release */,
			);
			defaultConfigurationIsVisible = 0;
			defaultConfigurationName = Release;
		};
		3ADAE8172CED8F9800407DA8 /* Build configuration list for PBXNativeTarget "FinalProject" */ = {
			isa = XCConfigurationList;
			buildConfigurations = (
				3ADAE8182CED8F9800407DA8 /* Debug */,
				3ADAE8192CED8F9800407DA8 /* Release */,
			);
			defaultConfigurationIsVisible = 0;
			defaultConfigurationName = Release;
		};
/* End XCConfigurationList section */

/* Begin XCRemoteSwiftPackageReference section */
		3A937FD82CF65D000025E539 /* XCRemoteSwiftPackageReference "firebase-ios-sdk" */ = {
			isa = XCRemoteSwiftPackageReference;
			repositoryURL = "https://github.com/firebase/firebase-ios-sdk.git";
			requirement = {
				kind = upToNextMajorVersion;
				minimumVersion = 11.5.0;
			};
		};
/* End XCRemoteSwiftPackageReference section */

/* Begin XCSwiftPackageProductDependency section */
		3A937FD92CF65D000025E539 /* FirebaseAuth */ = {
			isa = XCSwiftPackageProductDependency;
			package = 3A937FD82CF65D000025E539 /* XCRemoteSwiftPackageReference "firebase-ios-sdk" */;
			productName = FirebaseAuth;
		};
		3A937FDB2CF65D000025E539 /* FirebaseFirestore */ = {
			isa = XCSwiftPackageProductDependency;
			package = 3A937FD82CF65D000025E539 /* XCRemoteSwiftPackageReference "firebase-ios-sdk" */;
			productName = FirebaseFirestore;
		};
		3A937FDD2CF65D000025E539 /* FirebaseStorage */ = {
			isa = XCSwiftPackageProductDependency;
			package = 3A937FD82CF65D000025E539 /* XCRemoteSwiftPackageReference "firebase-ios-sdk" */;
			productName = FirebaseStorage;
		};
/* End XCSwiftPackageProductDependency section */
	};
	rootObject = 3ADAE8012CED8F9700407DA8 /* Project object */;
}
